
Microsoft Visual Studio Solution File, Format Version 12.00
# Visual Studio Version 16
VisualStudioVersion = 16.0.30804.86
MinimumVisualStudioVersion = 10.0.40219.1
Project("{FAE04EC0-301F-11D3-BF4B-00C04F79EFBC}") = "TodoApi", "TodoApi\TodoApi.csproj", "{3D02A403-43AD-4D57-AA18-46D7A09E9ECF}"
EndProject
Global
	GlobalSection(SolutionConfigurationPlatforms) = preSolution
		Debug|Any CPU = Debug|Any CPU
		Release|Any CPU = Release|Any CPU
	EndGlobalSection
	GlobalSection(ProjectConfigurationPlatforms) = postSolution
		{3D02A403-43AD-4D57-AA18-46D7A09E9ECF}.Debug|Any CPU.ActiveCfg = Debug|Any CPU
		{3D02A403-43AD-4D57-AA18-46D7A09E9ECF}.Debug|Any CPU.Build.0 = Debug|Any CPU
		{3D02A403-43AD-4D57-AA18-46D7A09E9ECF}.Release|Any CPU.ActiveCfg = Release|Any CPU
		{3D02A403-43AD-4D57-AA18-46D7A09E9ECF}.Release|Any CPU.Build.0 = Release|Any CPU
	EndGlobalSection
	GlobalSection(SolutionProperties) = preSolution
		HideSolutionNode = FALSE
	EndGlobalSection
	GlobalSection(ExtensibilityGlobals) = postSolution
		SolutionGuid = {858D042B-43B1-412F-87DD-3DB891F8D513}
	EndGlobalSection
EndGlobal
